{
  "name": "IMDB_Clone",
  "lockfileVersion": 2,
  "requires": true,
  "packages": {
    "": {
      "dependencies": {
        "echarts": "^5.3.0"
      }
    },
    "node_modules/echarts": {
      "version": "5.3.0",
      "resolved": "https://registry.npmjs.org/echarts/-/echarts-5.3.0.tgz",
      "integrity": "sha512-zENufmwFE6WjM+24tW3xQq4ICqQtI0CGj4bDVDNd3BK3LtaA/5wBp+64ykIyKy3QElz0cieKqSYP4FX9Lv9MwQ==",
      "dependencies": {
        "tslib": "2.3.0",
        "zrender": "5.3.0"
      }
    },
    "node_modules/tslib": {
      "version": "2.3.0",
      "resolved": "https://registry.npmjs.org/tslib/-/tslib-2.3.0.tgz",
      "integrity": "sha512-N82ooyxVNm6h1riLCoyS9e3fuJ3AMG2zIZs2Gd1ATcSFjSA23Q0fzjjZeh0jbJvWVDZ0cJT8yaNNaaXHzueNjg=="
    },
    "node_modules/zrender": {
      "version": "5.3.0",
      "resolved": "https://registry.npmjs.org/zrender/-/zrender-5.3.0.tgz",
      "integrity": "sha512-Ln2QB5uqI1ftNYMtCRxd+XDq6MOttLgam2tmhKAVA+j0ko47UT+VNlDvKTkqe4K2sJhBvB0EhYNLebqlCTjatQ==",
      "dependencies": {
        "tslib": "2.3.0"
      }
    }
  },
  "dependencies": {
    "echarts": {
      "version": "5.3.0",
      "resolved": "https://registry.npmjs.org/echarts/-/echarts-5.3.0.tgz",
      "integrity": "sha512-zENufmwFE6WjM+24tW3xQq4ICqQtI0CGj4bDVDNd3BK3LtaA/5wBp+64ykIyKy3QElz0cieKqSYP4FX9Lv9MwQ==",
      "requires": {
        "tslib": "2.3.0",
        "zrender": "5.3.0"
      }
    },
    "tslib": {
      "version": "2.3.0",
      "resolved": "https://registry.npmjs.org/tslib/-/tslib-2.3.0.tgz",
      "integrity": "sha512-N82ooyxVNm6h1riLCoyS9e3fuJ3AMG2zIZs2Gd1ATcSFjSA23Q0fzjjZeh0jbJvWVDZ0cJT8yaNNaaXHzueNjg=="
    },
    "zrender": {
      "version": "5.3.0",
      "resolved": "https://registry.npmjs.org/zrender/-/zrender-5.3.0.tgz",
      "integrity": "sha512-Ln2QB5uqI1ftNYMtCRxd+XDq6MOttLgam2tmhKAVA+j0ko47UT+VNlDvKTkqe4K2sJhBvB0EhYNLebqlCTjatQ==",
      "requires": {
        "tslib": "2.3.0"
      }
    }
  }
}
